id: predistort_mult_by_msg
label: Float Multiply Msg
category: '[predistort]'

templates:
  imports: import predistort
  make: predistort.mult_by_msg()

inputs:
- label: in
  domain: stream
  dtype: float
  
- label: ctrl_in
  domain: message
  id: ctrl_in
  optional: true

outputs:
- label: out
  domain: stream
  dtype: float
  
file_format: 1
