id: predistort_add_by_msg
label: Float Add Msg
category: '[predistort]'

templates:
  imports: import predistort
  make: predistort.add_by_msg()

inputs:
- label: in
  domain: stream
  dtype: float
  
- label: ctrl_in
  domain: message
  id: ctrl_in
  optional: true

outputs:
- label: out
  domain: stream
  dtype: float

file_format: 1
